
Microsoft Visual Studio Solution File, Format Version 12.00
# Visual Studio 14
VisualStudioVersion = 14.0.25420.1
MinimumVisualStudioVersion = 10.0.40219.1
Project("{FAE04EC0-301F-11D3-BF4B-00C04F79EFBC}") = "Listing.Service", "Listing.Service\Listing.Service.csproj", "{63AFC0BA-20AC-488D-A499-05878471B5CC}"
EndProject
Project("{2150E333-8FDC-42A3-9474-1A3956D46DE8}") = "Booking", "Booking", "{E37DD323-E4F3-43FC-B4DE-A570ECF5C459}"
EndProject
Project("{FAE04EC0-301F-11D3-BF4B-00C04F79EFBC}") = "Booking.Service", "Booking.Service\Booking.Service.csproj", "{504275FD-F583-4D61-96B9-1937D99FD2F3}"
EndProject
Project("{2150E333-8FDC-42A3-9474-1A3956D46DE8}") = "Listing", "Listing", "{5DEC5239-AA4F-4E05-BA42-AFC256405A00}"
EndProject
Project("{FAE04EC0-301F-11D3-BF4B-00C04F79EFBC}") = "Booking.Domain", "Booking.Domain\Booking.Domain.csproj", "{3A20ED60-E06D-43CF-8F4F-892F4F3613CB}"
EndProject
Project("{FAE04EC0-301F-11D3-BF4B-00C04F79EFBC}") = "Listing.Domain", "Listing.Domain\Listing.Domain.csproj", "{6445B582-2DBE-44A6-AE97-19B8833B3AB9}"
EndProject
Project("{FAE04EC0-301F-11D3-BF4B-00C04F79EFBC}") = "Booking.Interface", "Booking.Interface\Booking.Interface.csproj", "{EA7019A4-1561-4FF9-9F74-687C6B2195D2}"
EndProject
Project("{FAE04EC0-301F-11D3-BF4B-00C04F79EFBC}") = "Listing.Interface", "Listing.Interface\Listing.Interface.csproj", "{8CE99447-1D46-44F7-8526-312220E6F04F}"
EndProject
Project("{2150E333-8FDC-42A3-9474-1A3956D46DE8}") = "Registration", "Registration", "{E7F8E89B-3BEC-404B-829C-96B39D981124}"
EndProject
Project("{FAE04EC0-301F-11D3-BF4B-00C04F79EFBC}") = "Registration.Domain", "Registration.Domain\Registration.Domain.csproj", "{4C3A7E22-8D59-4313-A2B4-DAE8DD3E7E1A}"
EndProject
Project("{FAE04EC0-301F-11D3-BF4B-00C04F79EFBC}") = "Registration.Interface", "Registration.Interface\Registration.Interface.csproj", "{09CEF03E-21D0-40F2-AB2E-8E08C6E0E016}"
EndProject
Project("{FAE04EC0-301F-11D3-BF4B-00C04F79EFBC}") = "Registration.Service", "Registration.Service\Registration.Service.csproj", "{B920E82C-47E6-49A8-90DC-2AA75D166BFA}"
EndProject
Project("{2150E333-8FDC-42A3-9474-1A3956D46DE8}") = "Library", "Library", "{02F80A8B-85DC-4E29-8A38-AEBDFC403088}"
EndProject
Project("{FAE04EC0-301F-11D3-BF4B-00C04F79EFBC}") = "CodeStructures", "CodeStructures\CodeStructures.csproj", "{1A5B7952-3781-4ECC-9443-5F32A68DA82D}"
EndProject
Project("{2150E333-8FDC-42A3-9474-1A3956D46DE8}") = "App", "App", "{5EFC86FD-6CD7-4592-8B77-6F733831A018}"
EndProject
Project("{FAE04EC0-301F-11D3-BF4B-00C04F79EFBC}") = "LBSP-SOA", "LBSP-SOA\LBSP-SOA.csproj", "{62159671-3A0D-4516-B326-55B1193950E1}"
EndProject
Project("{FAE04EC0-301F-11D3-BF4B-00C04F79EFBC}") = "Registration.UnitTesting", "Registration.UnitTesting\Registration.UnitTesting.csproj", "{907023A3-A99B-46F5-9D4E-9E9473E0D384}"
EndProject
Project("{2150E333-8FDC-42A3-9474-1A3956D46DE8}") = "Query", "Query", "{FEC70F1F-377E-4BE8-8F7B-2B0F3090365D}"
EndProject
Project("{FAE04EC0-301F-11D3-BF4B-00C04F79EFBC}") = "Query.Service", "Query.Service\Query.Service.csproj", "{CE05DE95-0E76-4469-BC8A-2B52FF3CE82B}"
EndProject
Global
	GlobalSection(SolutionConfigurationPlatforms) = preSolution
		Debug|Any CPU = Debug|Any CPU
		Release|Any CPU = Release|Any CPU
	EndGlobalSection
	GlobalSection(ProjectConfigurationPlatforms) = postSolution
		{63AFC0BA-20AC-488D-A499-05878471B5CC}.Debug|Any CPU.ActiveCfg = Debug|Any CPU
		{63AFC0BA-20AC-488D-A499-05878471B5CC}.Debug|Any CPU.Build.0 = Debug|Any CPU
		{63AFC0BA-20AC-488D-A499-05878471B5CC}.Release|Any CPU.ActiveCfg = Release|Any CPU
		{63AFC0BA-20AC-488D-A499-05878471B5CC}.Release|Any CPU.Build.0 = Release|Any CPU
		{504275FD-F583-4D61-96B9-1937D99FD2F3}.Debug|Any CPU.ActiveCfg = Debug|Any CPU
		{504275FD-F583-4D61-96B9-1937D99FD2F3}.Debug|Any CPU.Build.0 = Debug|Any CPU
		{504275FD-F583-4D61-96B9-1937D99FD2F3}.Release|Any CPU.ActiveCfg = Release|Any CPU
		{504275FD-F583-4D61-96B9-1937D99FD2F3}.Release|Any CPU.Build.0 = Release|Any CPU
		{3A20ED60-E06D-43CF-8F4F-892F4F3613CB}.Debug|Any CPU.ActiveCfg = Debug|Any CPU
		{3A20ED60-E06D-43CF-8F4F-892F4F3613CB}.Debug|Any CPU.Build.0 = Debug|Any CPU
		{3A20ED60-E06D-43CF-8F4F-892F4F3613CB}.Release|Any CPU.ActiveCfg = Release|Any CPU
		{3A20ED60-E06D-43CF-8F4F-892F4F3613CB}.Release|Any CPU.Build.0 = Release|Any CPU
		{6445B582-2DBE-44A6-AE97-19B8833B3AB9}.Debug|Any CPU.ActiveCfg = Debug|Any CPU
		{6445B582-2DBE-44A6-AE97-19B8833B3AB9}.Debug|Any CPU.Build.0 = Debug|Any CPU
		{6445B582-2DBE-44A6-AE97-19B8833B3AB9}.Release|Any CPU.ActiveCfg = Release|Any CPU
		{6445B582-2DBE-44A6-AE97-19B8833B3AB9}.Release|Any CPU.Build.0 = Release|Any CPU
		{EA7019A4-1561-4FF9-9F74-687C6B2195D2}.Debug|Any CPU.ActiveCfg = Debug|Any CPU
		{EA7019A4-1561-4FF9-9F74-687C6B2195D2}.Debug|Any CPU.Build.0 = Debug|Any CPU
		{EA7019A4-1561-4FF9-9F74-687C6B2195D2}.Release|Any CPU.ActiveCfg = Release|Any CPU
		{EA7019A4-1561-4FF9-9F74-687C6B2195D2}.Release|Any CPU.Build.0 = Release|Any CPU
		{8CE99447-1D46-44F7-8526-312220E6F04F}.Debug|Any CPU.ActiveCfg = Debug|Any CPU
		{8CE99447-1D46-44F7-8526-312220E6F04F}.Debug|Any CPU.Build.0 = Debug|Any CPU
		{8CE99447-1D46-44F7-8526-312220E6F04F}.Release|Any CPU.ActiveCfg = Release|Any CPU
		{8CE99447-1D46-44F7-8526-312220E6F04F}.Release|Any CPU.Build.0 = Release|Any CPU
		{4C3A7E22-8D59-4313-A2B4-DAE8DD3E7E1A}.Debug|Any CPU.ActiveCfg = Debug|Any CPU
		{4C3A7E22-8D59-4313-A2B4-DAE8DD3E7E1A}.Debug|Any CPU.Build.0 = Debug|Any CPU
		{4C3A7E22-8D59-4313-A2B4-DAE8DD3E7E1A}.Release|Any CPU.ActiveCfg = Release|Any CPU
		{4C3A7E22-8D59-4313-A2B4-DAE8DD3E7E1A}.Release|Any CPU.Build.0 = Release|Any CPU
		{09CEF03E-21D0-40F2-AB2E-8E08C6E0E016}.Debug|Any CPU.ActiveCfg = Debug|Any CPU
		{09CEF03E-21D0-40F2-AB2E-8E08C6E0E016}.Debug|Any CPU.Build.0 = Debug|Any CPU
		{09CEF03E-21D0-40F2-AB2E-8E08C6E0E016}.Release|Any CPU.ActiveCfg = Release|Any CPU
		{09CEF03E-21D0-40F2-AB2E-8E08C6E0E016}.Release|Any CPU.Build.0 = Release|Any CPU
		{B920E82C-47E6-49A8-90DC-2AA75D166BFA}.Debug|Any CPU.ActiveCfg = Debug|Any CPU
		{B920E82C-47E6-49A8-90DC-2AA75D166BFA}.Debug|Any CPU.Build.0 = Debug|Any CPU
		{B920E82C-47E6-49A8-90DC-2AA75D166BFA}.Release|Any CPU.ActiveCfg = Release|Any CPU
		{B920E82C-47E6-49A8-90DC-2AA75D166BFA}.Release|Any CPU.Build.0 = Release|Any CPU
		{1A5B7952-3781-4ECC-9443-5F32A68DA82D}.Debug|Any CPU.ActiveCfg = Debug|Any CPU
		{1A5B7952-3781-4ECC-9443-5F32A68DA82D}.Debug|Any CPU.Build.0 = Debug|Any CPU
		{1A5B7952-3781-4ECC-9443-5F32A68DA82D}.Release|Any CPU.ActiveCfg = Release|Any CPU
		{1A5B7952-3781-4ECC-9443-5F32A68DA82D}.Release|Any CPU.Build.0 = Release|Any CPU
		{62159671-3A0D-4516-B326-55B1193950E1}.Debug|Any CPU.ActiveCfg = Debug|Any CPU
		{62159671-3A0D-4516-B326-55B1193950E1}.Debug|Any CPU.Build.0 = Debug|Any CPU
		{62159671-3A0D-4516-B326-55B1193950E1}.Release|Any CPU.ActiveCfg = Release|Any CPU
		{62159671-3A0D-4516-B326-55B1193950E1}.Release|Any CPU.Build.0 = Release|Any CPU
		{907023A3-A99B-46F5-9D4E-9E9473E0D384}.Debug|Any CPU.ActiveCfg = Debug|Any CPU
		{907023A3-A99B-46F5-9D4E-9E9473E0D384}.Debug|Any CPU.Build.0 = Debug|Any CPU
		{907023A3-A99B-46F5-9D4E-9E9473E0D384}.Release|Any CPU.ActiveCfg = Release|Any CPU
		{907023A3-A99B-46F5-9D4E-9E9473E0D384}.Release|Any CPU.Build.0 = Release|Any CPU
		{CE05DE95-0E76-4469-BC8A-2B52FF3CE82B}.Debug|Any CPU.ActiveCfg = Debug|Any CPU
		{CE05DE95-0E76-4469-BC8A-2B52FF3CE82B}.Debug|Any CPU.Build.0 = Debug|Any CPU
		{CE05DE95-0E76-4469-BC8A-2B52FF3CE82B}.Release|Any CPU.ActiveCfg = Release|Any CPU
		{CE05DE95-0E76-4469-BC8A-2B52FF3CE82B}.Release|Any CPU.Build.0 = Release|Any CPU
	EndGlobalSection
	GlobalSection(SolutionProperties) = preSolution
		HideSolutionNode = FALSE
	EndGlobalSection
	GlobalSection(NestedProjects) = preSolution
		{63AFC0BA-20AC-488D-A499-05878471B5CC} = {5DEC5239-AA4F-4E05-BA42-AFC256405A00}
		{E37DD323-E4F3-43FC-B4DE-A570ECF5C459} = {5EFC86FD-6CD7-4592-8B77-6F733831A018}
		{504275FD-F583-4D61-96B9-1937D99FD2F3} = {E37DD323-E4F3-43FC-B4DE-A570ECF5C459}
		{5DEC5239-AA4F-4E05-BA42-AFC256405A00} = {5EFC86FD-6CD7-4592-8B77-6F733831A018}
		{3A20ED60-E06D-43CF-8F4F-892F4F3613CB} = {E37DD323-E4F3-43FC-B4DE-A570ECF5C459}
		{6445B582-2DBE-44A6-AE97-19B8833B3AB9} = {5DEC5239-AA4F-4E05-BA42-AFC256405A00}
		{EA7019A4-1561-4FF9-9F74-687C6B2195D2} = {E37DD323-E4F3-43FC-B4DE-A570ECF5C459}
		{8CE99447-1D46-44F7-8526-312220E6F04F} = {5DEC5239-AA4F-4E05-BA42-AFC256405A00}
		{E7F8E89B-3BEC-404B-829C-96B39D981124} = {5EFC86FD-6CD7-4592-8B77-6F733831A018}
		{4C3A7E22-8D59-4313-A2B4-DAE8DD3E7E1A} = {E7F8E89B-3BEC-404B-829C-96B39D981124}
		{09CEF03E-21D0-40F2-AB2E-8E08C6E0E016} = {E7F8E89B-3BEC-404B-829C-96B39D981124}
		{B920E82C-47E6-49A8-90DC-2AA75D166BFA} = {E7F8E89B-3BEC-404B-829C-96B39D981124}
		{1A5B7952-3781-4ECC-9443-5F32A68DA82D} = {02F80A8B-85DC-4E29-8A38-AEBDFC403088}
		{62159671-3A0D-4516-B326-55B1193950E1} = {02F80A8B-85DC-4E29-8A38-AEBDFC403088}
		{907023A3-A99B-46F5-9D4E-9E9473E0D384} = {E7F8E89B-3BEC-404B-829C-96B39D981124}
		{FEC70F1F-377E-4BE8-8F7B-2B0F3090365D} = {5EFC86FD-6CD7-4592-8B77-6F733831A018}
		{CE05DE95-0E76-4469-BC8A-2B52FF3CE82B} = {FEC70F1F-377E-4BE8-8F7B-2B0F3090365D}
	EndGlobalSection
EndGlobal
